
Microsoft Visual Studio Solution File, Format Version 12.00
# Visual Studio Version 17
VisualStudioVersion = 17.8.34330.188
MinimumVisualStudioVersion = 10.0.40219.1
Project("{FAE04EC0-301F-11D3-BF4B-00C04F79EFBC}") = "StormyWeatherFix", "StormyWeatherFix\StormyWeatherFix.csproj", "{798DB7C1-A58B-4FCC-BCA6-5791C54D5299}"
EndProject
Global
	GlobalSection(SolutionConfigurationPlatforms) = preSolution
		Debug|Any CPU = Debug|Any CPU
		Release|Any CPU = Release|Any CPU
	EndGlobalSection
	GlobalSection(ProjectConfigurationPlatforms) = postSolution
		{798DB7C1-A58B-4FCC-BCA6-5791C54D5299}.Debug|Any CPU.ActiveCfg = Debug|Any CPU
		{798DB7C1-A58B-4FCC-BCA6-5791C54D5299}.Debug|Any CPU.Build.0 = Debug|Any CPU
		{798DB7C1-A58B-4FCC-BCA6-5791C54D5299}.Release|Any CPU.ActiveCfg = Release|Any CPU
		{798DB7C1-A58B-4FCC-BCA6-5791C54D5299}.Release|Any CPU.Build.0 = Release|Any CPU
	EndGlobalSection
	GlobalSection(SolutionProperties) = preSolution
		HideSolutionNode = FALSE
	EndGlobalSection
	GlobalSection(ExtensibilityGlobals) = postSolution
		SolutionGuid = {CCB98C2C-BC5E-485C-9BA5-9B99045E2D6C}
	EndGlobalSection
EndGlobal
